// !$*UTF8*$!
{
	archiveVersion = 1;
	classes = {
	};
	objectVersion = 48;
	objects = {

/* Begin PBXBuildFile section */
		04360DDD200C799F006E9687 /* CreditCardDetailView.swift in Sources */ = {isa = PBXBuildFile; fileRef = 04360DDC200C799F006E9687 /* CreditCardDetailView.swift */; };
		04360DDF200C7F77006E9687 /* GlobalCache.swift in Sources */ = {isa = PBXBuildFile; fileRef = 04360DDE200C7F77006E9687 /* GlobalCache.swift */; };
		04438222200C099C00AE6F48 /* CreditCardNameCell.swift in Sources */ = {isa = PBXBuildFile; fileRef = 04D536AB200B387500067D37 /* CreditCardNameCell.swift */; };
		04D3DF05200C245F005D9200 /* Delegates.swift in Sources */ = {isa = PBXBuildFile; fileRef = 04D3DF04200C245F005D9200 /* Delegates.swift */; };
		04D3DF07200C2468005D9200 /* CreditCardModel.swift in Sources */ = {isa = PBXBuildFile; fileRef = 04D3DF06200C2468005D9200 /* CreditCardModel.swift */; };
		04D536AE200B3CAD00067D37 /* CreditCardDescriptionCell.swift in Sources */ = {isa = PBXBuildFile; fileRef = 04D536AD200B3CAD00067D37 /* CreditCardDescriptionCell.swift */; };
		04DE1B27200A9E3D004E05F4 /* AppDelegate.swift in Sources */ = {isa = PBXBuildFile; fileRef = 04DE1B26200A9E3D004E05F4 /* AppDelegate.swift */; };
		04DE1B29200A9E3D004E05F4 /* PagePersonController.swift in Sources */ = {isa = PBXBuildFile; fileRef = 04DE1B28200A9E3D004E05F4 /* PagePersonController.swift */; };
		04DE1B2C200A9E3D004E05F4 /* Main.storyboard in Resources */ = {isa = PBXBuildFile; fileRef = 04DE1B2A200A9E3D004E05F4 /* Main.storyboard */; };
		04DE1B2E200A9E3D004E05F4 /* Assets.xcassets in Resources */ = {isa = PBXBuildFile; fileRef = 04DE1B2D200A9E3D004E05F4 /* Assets.xcassets */; };
		04DE1B31200A9E3D004E05F4 /* LaunchScreen.storyboard in Resources */ = {isa = PBXBuildFile; fileRef = 04DE1B2F200A9E3D004E05F4 /* LaunchScreen.storyboard */; };
		04DE1B3D200A9ED3004E05F4 /* Constants.swift in Sources */ = {isa = PBXBuildFile; fileRef = 04DE1B3C200A9ED3004E05F4 /* Constants.swift */; };
		04DE1B3F200AD89E004E05F4 /* PersonController.swift in Sources */ = {isa = PBXBuildFile; fileRef = 04DE1B3E200AD89E004E05F4 /* PersonController.swift */; };
		04DE1B43200B082C004E05F4 /* CreditCardView.swift in Sources */ = {isa = PBXBuildFile; fileRef = 04DE1B42200B082C004E05F4 /* CreditCardView.swift */; };
		84EF2EE4200B2E3100A5684B /* NetworkRequests.swift in Sources */ = {isa = PBXBuildFile; fileRef = 84EF2EE3200B2E3100A5684B /* NetworkRequests.swift */; };
		84EF2EE6200B574F00A5684B /* NetworkError.swift in Sources */ = {isa = PBXBuildFile; fileRef = 84EF2EE5200B574F00A5684B /* NetworkError.swift */; };
		84EF2EE8200B57C700A5684B /* CallType.swift in Sources */ = {isa = PBXBuildFile; fileRef = 84EF2EE7200B57C700A5684B /* CallType.swift */; };
		84EF2EEA200B57F500A5684B /* ReturnType.swift in Sources */ = {isa = PBXBuildFile; fileRef = 84EF2EE9200B57F500A5684B /* ReturnType.swift */; };
		A80324CDD0D3EA99DB698997 /* Pods_CapitalOneRxSwift.framework in Frameworks */ = {isa = PBXBuildFile; fileRef = 4DC767F3C3C892F237FFD64D /* Pods_CapitalOneRxSwift.framework */; };
/* End PBXBuildFile section */

/* Begin PBXFileReference section */
		04360DDC200C799F006E9687 /* CreditCardDetailView.swift */ = {isa = PBXFileReference; lastKnownFileType = sourcecode.swift; path = CreditCardDetailView.swift; sourceTree = "<group>"; };
		04360DDE200C7F77006E9687 /* GlobalCache.swift */ = {isa = PBXFileReference; lastKnownFileType = sourcecode.swift; path = GlobalCache.swift; sourceTree = "<group>"; };
		04D3DF04200C245F005D9200 /* Delegates.swift */ = {isa = PBXFileReference; fileEncoding = 4; lastKnownFileType = sourcecode.swift; path = Delegates.swift; sourceTree = "<group>"; };
		04D3DF06200C2468005D9200 /* CreditCardModel.swift */ = {isa = PBXFileReference; fileEncoding = 4; lastKnownFileType = sourcecode.swift; path = CreditCardModel.swift; sourceTree = "<group>"; };
		04D536AB200B387500067D37 /* CreditCardNameCell.swift */ = {isa = PBXFileReference; lastKnownFileType = sourcecode.swift; path = CreditCardNameCell.swift; sourceTree = "<group>"; };
		04D536AD200B3CAD00067D37 /* CreditCardDescriptionCell.swift */ = {isa = PBXFileReference; lastKnownFileType = sourcecode.swift; path = CreditCardDescriptionCell.swift; sourceTree = "<group>"; };
		04DE1B23200A9E3D004E05F4 /* CapitalOneRxSwift.app */ = {isa = PBXFileReference; explicitFileType = wrapper.application; includeInIndex = 0; path = CapitalOneRxSwift.app; sourceTree = BUILT_PRODUCTS_DIR; };
		04DE1B26200A9E3D004E05F4 /* AppDelegate.swift */ = {isa = PBXFileReference; lastKnownFileType = sourcecode.swift; path = AppDelegate.swift; sourceTree = "<group>"; };
		04DE1B28200A9E3D004E05F4 /* PagePersonController.swift */ = {isa = PBXFileReference; lastKnownFileType = sourcecode.swift; path = PagePersonController.swift; sourceTree = "<group>"; };
		04DE1B2B200A9E3D004E05F4 /* Base */ = {isa = PBXFileReference; lastKnownFileType = file.storyboard; name = Base; path = Base.lproj/Main.storyboard; sourceTree = "<group>"; };
		04DE1B2D200A9E3D004E05F4 /* Assets.xcassets */ = {isa = PBXFileReference; lastKnownFileType = folder.assetcatalog; path = Assets.xcassets; sourceTree = "<group>"; };
		04DE1B30200A9E3D004E05F4 /* Base */ = {isa = PBXFileReference; lastKnownFileType = file.storyboard; name = Base; path = Base.lproj/LaunchScreen.storyboard; sourceTree = "<group>"; };
		04DE1B32200A9E3D004E05F4 /* Info.plist */ = {isa = PBXFileReference; lastKnownFileType = text.plist.xml; path = Info.plist; sourceTree = "<group>"; };
		04DE1B3C200A9ED3004E05F4 /* Constants.swift */ = {isa = PBXFileReference; lastKnownFileType = sourcecode.swift; path = Constants.swift; sourceTree = "<group>"; };
		04DE1B3E200AD89E004E05F4 /* PersonController.swift */ = {isa = PBXFileReference; lastKnownFileType = sourcecode.swift; path = PersonController.swift; sourceTree = "<group>"; };
		04DE1B42200B082C004E05F4 /* CreditCardView.swift */ = {isa = PBXFileReference; lastKnownFileType = sourcecode.swift; path = CreditCardView.swift; sourceTree = "<group>"; };
		4CF83793E25C32439E960515 /* Pods-CapitalOneRxSwift.release.xcconfig */ = {isa = PBXFileReference; includeInIndex = 1; lastKnownFileType = text.xcconfig; name = "Pods-CapitalOneRxSwift.release.xcconfig"; path = "Pods/Target Support Files/Pods-CapitalOneRxSwift/Pods-CapitalOneRxSwift.release.xcconfig"; sourceTree = "<group>"; };
		4DC767F3C3C892F237FFD64D /* Pods_CapitalOneRxSwift.framework */ = {isa = PBXFileReference; explicitFileType = wrapper.framework; includeInIndex = 0; path = Pods_CapitalOneRxSwift.framework; sourceTree = BUILT_PRODUCTS_DIR; };
		84EF2EE3200B2E3100A5684B /* NetworkRequests.swift */ = {isa = PBXFileReference; lastKnownFileType = sourcecode.swift; path = NetworkRequests.swift; sourceTree = "<group>"; };
		84EF2EE5200B574F00A5684B /* NetworkError.swift */ = {isa = PBXFileReference; lastKnownFileType = sourcecode.swift; path = NetworkError.swift; sourceTree = "<group>"; };
		84EF2EE7200B57C700A5684B /* CallType.swift */ = {isa = PBXFileReference; lastKnownFileType = sourcecode.swift; path = CallType.swift; sourceTree = "<group>"; };
		84EF2EE9200B57F500A5684B /* ReturnType.swift */ = {isa = PBXFileReference; lastKnownFileType = sourcecode.swift; path = ReturnType.swift; sourceTree = "<group>"; };
		D5E481D1DB96055E676D6662 /* Pods-CapitalOneRxSwift.debug.xcconfig */ = {isa = PBXFileReference; includeInIndex = 1; lastKnownFileType = text.xcconfig; name = "Pods-CapitalOneRxSwift.debug.xcconfig"; path = "Pods/Target Support Files/Pods-CapitalOneRxSwift/Pods-CapitalOneRxSwift.debug.xcconfig"; sourceTree = "<group>"; };
/* End PBXFileReference section */

/* Begin PBXFrameworksBuildPhase section */
		04DE1B20200A9E3D004E05F4 /* Frameworks */ = {
			isa = PBXFrameworksBuildPhase;
			buildActionMask = 2147483647;
			files = (
				A80324CDD0D3EA99DB698997 /* Pods_CapitalOneRxSwift.framework in Frameworks */,
			);
			runOnlyForDeploymentPostprocessing = 0;
		};
/* End PBXFrameworksBuildPhase section */

/* Begin PBXGroup section */
		0283E4B543F2ABFE409565E5 /* Frameworks */ = {
			isa = PBXGroup;
			children = (
				4DC767F3C3C892F237FFD64D /* Pods_CapitalOneRxSwift.framework */,
			);
			name = Frameworks;
			sourceTree = "<group>";
		};
		04D536AA200B386800067D37 /* CustomCells */ = {
			isa = PBXGroup;
			children = (
				04D536AB200B387500067D37 /* CreditCardNameCell.swift */,
				04D536AD200B3CAD00067D37 /* CreditCardDescriptionCell.swift */,
			);
			path = CustomCells;
			sourceTree = "<group>";
		};
		04DE1B1A200A9E3D004E05F4 = {
			isa = PBXGroup;
			children = (
				04DE1B25200A9E3D004E05F4 /* CapitalOneRxSwift */,
				04DE1B24200A9E3D004E05F4 /* Products */,
				AEFE8D559458655E2A50A510 /* Pods */,
				0283E4B543F2ABFE409565E5 /* Frameworks */,
			);
			sourceTree = "<group>";
		};
		04DE1B24200A9E3D004E05F4 /* Products */ = {
			isa = PBXGroup;
			children = (
				04DE1B23200A9E3D004E05F4 /* CapitalOneRxSwift.app */,
			);
			name = Products;
			sourceTree = "<group>";
		};
		04DE1B25200A9E3D004E05F4 /* CapitalOneRxSwift */ = {
			isa = PBXGroup;
			children = (
				84EF2EE2200B2E2200A5684B /* Services */,
				04DE1B3A200A9E6F004E05F4 /* Controller */,
				04DE1B39200A9E4F004E05F4 /* Model */,
				04DE1B38200A9E44004E05F4 /* View */,
				04DE1B2D200A9E3D004E05F4 /* Assets.xcassets */,
				04DE1B32200A9E3D004E05F4 /* Info.plist */,
			);
			path = CapitalOneRxSwift;
			sourceTree = "<group>";
		};
		04DE1B38200A9E44004E05F4 /* View */ = {
			isa = PBXGroup;
			children = (
				04DE1B2A200A9E3D004E05F4 /* Main.storyboard */,
				04DE1B2F200A9E3D004E05F4 /* LaunchScreen.storyboard */,
			);
			path = View;
			sourceTree = "<group>";
		};
		04DE1B39200A9E4F004E05F4 /* Model */ = {
			isa = PBXGroup;
			children = (
				04D536AA200B386800067D37 /* CustomCells */,
				04DE1B26200A9E3D004E05F4 /* AppDelegate.swift */,
				04DE1B3C200A9ED3004E05F4 /* Constants.swift */,
				04360DDE200C7F77006E9687 /* GlobalCache.swift */,
			);
			path = Model;
			sourceTree = "<group>";
		};
		04DE1B3A200A9E6F004E05F4 /* Controller */ = {
			isa = PBXGroup;
			children = (
				04D3DF04200C245F005D9200 /* Delegates.swift */,
				04DE1B44200B0837004E05F4 /* CreditCardView */,
				04DE1B3B200A9E80004E05F4 /* PageModel */,
			);
			path = Controller;
			sourceTree = "<group>";
		};
		04DE1B3B200A9E80004E05F4 /* PageModel */ = {
			isa = PBXGroup;
			children = (
				04DE1B3E200AD89E004E05F4 /* PersonController.swift */,
				04DE1B28200A9E3D004E05F4 /* PagePersonController.swift */,
			);
			path = PageModel;
			sourceTree = "<group>";
		};
		04DE1B44200B0837004E05F4 /* CreditCardView */ = {
			isa = PBXGroup;
			children = (
				04DE1B42200B082C004E05F4 /* CreditCardView.swift */,
				04D3DF06200C2468005D9200 /* CreditCardModel.swift */,
				04360DDC200C799F006E9687 /* CreditCardDetailView.swift */,
			);
			path = CreditCardView;
			sourceTree = "<group>";
		};
		84EF2EE2200B2E2200A5684B /* Services */ = {
			isa = PBXGroup;
			children = (
				84EF2EE3200B2E3100A5684B /* NetworkRequests.swift */,
				84EF2EE5200B574F00A5684B /* NetworkError.swift */,
				84EF2EE7200B57C700A5684B /* CallType.swift */,
				84EF2EE9200B57F500A5684B /* ReturnType.swift */,
			);
			path = Services;
			sourceTree = "<group>";
		};
		AEFE8D559458655E2A50A510 /* Pods */ = {
			isa = PBXGroup;
			children = (
				D5E481D1DB96055E676D6662 /* Pods-CapitalOneRxSwift.debug.xcconfig */,
				4CF83793E25C32439E960515 /* Pods-CapitalOneRxSwift.release.xcconfig */,
			);
			name = Pods;
			sourceTree = "<group>";
		};
/* End PBXGroup section */

/* Begin PBXNativeTarget section */
		04DE1B22200A9E3D004E05F4 /* CapitalOneRxSwift */ = {
			isa = PBXNativeTarget;
			buildConfigurationList = 04DE1B35200A9E3D004E05F4 /* Build configuration list for PBXNativeTarget "CapitalOneRxSwift" */;
			buildPhases = (
				3E8B362B64AAA0B74066CB61 /* [CP] Check Pods Manifest.lock */,
				04DE1B1F200A9E3D004E05F4 /* Sources */,
				04DE1B20200A9E3D004E05F4 /* Frameworks */,
				04DE1B21200A9E3D004E05F4 /* Resources */,
				08A9A3C8F0F5E138D41D5469 /* [CP] Embed Pods Frameworks */,
				4E347EB2A540807814F544B1 /* [CP] Copy Pods Resources */,
			);
			buildRules = (
			);
			dependencies = (
			);
			name = CapitalOneRxSwift;
			productName = CapitalOneRxSwift;
			productReference = 04DE1B23200A9E3D004E05F4 /* CapitalOneRxSwift.app */;
			productType = "com.apple.product-type.application";
		};
/* End PBXNativeTarget section */

/* Begin PBXProject section */
		04DE1B1B200A9E3D004E05F4 /* Project object */ = {
			isa = PBXProject;
			attributes = {
				LastSwiftUpdateCheck = 0920;
				LastUpgradeCheck = 0920;
				ORGANIZATIONNAME = "Ghost World";
				TargetAttributes = {
					04DE1B22200A9E3D004E05F4 = {
						CreatedOnToolsVersion = 9.2;
						ProvisioningStyle = Automatic;
					};
				};
			};
			buildConfigurationList = 04DE1B1E200A9E3D004E05F4 /* Build configuration list for PBXProject "CapitalOneRxSwift" */;
			compatibilityVersion = "Xcode 8.0";
			developmentRegion = en;
			hasScannedForEncodings = 0;
			knownRegions = (
				en,
				Base,
			);
			mainGroup = 04DE1B1A200A9E3D004E05F4;
			productRefGroup = 04DE1B24200A9E3D004E05F4 /* Products */;
			projectDirPath = "";
			projectRoot = "";
			targets = (
				04DE1B22200A9E3D004E05F4 /* CapitalOneRxSwift */,
			);
		};
/* End PBXProject section */

/* Begin PBXResourcesBuildPhase section */
		04DE1B21200A9E3D004E05F4 /* Resources */ = {
			isa = PBXResourcesBuildPhase;
			buildActionMask = 2147483647;
			files = (
				04DE1B31200A9E3D004E05F4 /* LaunchScreen.storyboard in Resources */,
				04DE1B2E200A9E3D004E05F4 /* Assets.xcassets in Resources */,
				04DE1B2C200A9E3D004E05F4 /* Main.storyboard in Resources */,
			);
			runOnlyForDeploymentPostprocessing = 0;
		};
/* End PBXResourcesBuildPhase section */

/* Begin PBXShellScriptBuildPhase section */
		08A9A3C8F0F5E138D41D5469 /* [CP] Embed Pods Frameworks */ = {
			isa = PBXShellScriptBuildPhase;
			buildActionMask = 2147483647;
			files = (
			);
			inputPaths = (
				"${SRCROOT}/Pods/Target Support Files/Pods-CapitalOneRxSwift/Pods-CapitalOneRxSwift-frameworks.sh",
				"${BUILT_PRODUCTS_DIR}/Alamofire/Alamofire.framework",
				"${BUILT_PRODUCTS_DIR}/RxAlamofire/RxAlamofire.framework",
				"${BUILT_PRODUCTS_DIR}/RxCocoa/RxCocoa.framework",
				"${BUILT_PRODUCTS_DIR}/RxSwift/RxSwift.framework",
			);
			name = "[CP] Embed Pods Frameworks";
			outputPaths = (
				"${TARGET_BUILD_DIR}/${FRAMEWORKS_FOLDER_PATH}/Alamofire.framework",
				"${TARGET_BUILD_DIR}/${FRAMEWORKS_FOLDER_PATH}/RxAlamofire.framework",
				"${TARGET_BUILD_DIR}/${FRAMEWORKS_FOLDER_PATH}/RxCocoa.framework",
				"${TARGET_BUILD_DIR}/${FRAMEWORKS_FOLDER_PATH}/RxSwift.framework",
			);
			runOnlyForDeploymentPostprocessing = 0;
			shellPath = /bin/sh;
			shellScript = "\"${SRCROOT}/Pods/Target Support Files/Pods-CapitalOneRxSwift/Pods-CapitalOneRxSwift-frameworks.sh\"\n";
			showEnvVarsInLog = 0;
		};
		3E8B362B64AAA0B74066CB61 /* [CP] Check Pods Manifest.lock */ = {
			isa = PBXShellScriptBuildPhase;
			buildActionMask = 2147483647;
			files = (
			);
			inputPaths = (
				"${PODS_PODFILE_DIR_PATH}/Podfile.lock",
				"${PODS_ROOT}/Manifest.lock",
			);
			name = "[CP] Check Pods Manifest.lock";
			outputPaths = (
				"$(DERIVED_FILE_DIR)/Pods-CapitalOneRxSwift-checkManifestLockResult.txt",
			);
			runOnlyForDeploymentPostprocessing = 0;
			shellPath = /bin/sh;
			shellScript = "diff \"${PODS_PODFILE_DIR_PATH}/Podfile.lock\" \"${PODS_ROOT}/Manifest.lock\" > /dev/null\nif [ $? != 0 ] ; then\n    # print error to STDERR\n    echo \"error: The sandbox is not in sync with the Podfile.lock. Run 'pod install' or update your CocoaPods installation.\" >&2\n    exit 1\nfi\n# This output is used by Xcode 'outputs' to avoid re-running this script phase.\necho \"SUCCESS\" > \"${SCRIPT_OUTPUT_FILE_0}\"\n";
			showEnvVarsInLog = 0;
		};
		4E347EB2A540807814F544B1 /* [CP] Copy Pods Resources */ = {
			isa = PBXShellScriptBuildPhase;
			buildActionMask = 2147483647;
			files = (
			);
			inputPaths = (
			);
			name = "[CP] Copy Pods Resources";
			outputPaths = (
			);
			runOnlyForDeploymentPostprocessing = 0;
			shellPath = /bin/sh;
			shellScript = "\"${SRCROOT}/Pods/Target Support Files/Pods-CapitalOneRxSwift/Pods-CapitalOneRxSwift-resources.sh\"\n";
			showEnvVarsInLog = 0;
		};
/* End PBXShellScriptBuildPhase section */

/* Begin PBXSourcesBuildPhase section */
		04DE1B1F200A9E3D004E05F4 /* Sources */ = {
			isa = PBXSourcesBuildPhase;
			buildActionMask = 2147483647;
			files = (
				04DE1B43200B082C004E05F4 /* CreditCardView.swift in Sources */,
				84EF2EE6200B574F00A5684B /* NetworkError.swift in Sources */,
				04360DDD200C799F006E9687 /* CreditCardDetailView.swift in Sources */,
				04DE1B3F200AD89E004E05F4 /* PersonController.swift in Sources */,
				04D536AE200B3CAD00067D37 /* CreditCardDescriptionCell.swift in Sources */,
				04D3DF07200C2468005D9200 /* CreditCardModel.swift in Sources */,
				04360DDF200C7F77006E9687 /* GlobalCache.swift in Sources */,
				04D3DF05200C245F005D9200 /* Delegates.swift in Sources */,
				84EF2EE4200B2E3100A5684B /* NetworkRequests.swift in Sources */,
				84EF2EEA200B57F500A5684B /* ReturnType.swift in Sources */,
				04DE1B29200A9E3D004E05F4 /* PagePersonController.swift in Sources */,
				04DE1B27200A9E3D004E05F4 /* AppDelegate.swift in Sources */,
				04DE1B3D200A9ED3004E05F4 /* Constants.swift in Sources */,
				04438222200C099C00AE6F48 /* CreditCardNameCell.swift in Sources */,
				84EF2EE8200B57C700A5684B /* CallType.swift in Sources */,
			);
			runOnlyForDeploymentPostprocessing = 0;
		};
/* End PBXSourcesBuildPhase section */

/* Begin PBXVariantGroup section */
		04DE1B2A200A9E3D004E05F4 /* Main.storyboard */ = {
			isa = PBXVariantGroup;
			children = (
				04DE1B2B200A9E3D004E05F4 /* Base */,
			);
			name = Main.storyboard;
			sourceTree = "<group>";
		};
		04DE1B2F200A9E3D004E05F4 /* LaunchScreen.storyboard */ = {
			isa = PBXVariantGroup;
			children = (
				04DE1B30200A9E3D004E05F4 /* Base */,
			);
			name = LaunchScreen.storyboard;
			sourceTree = "<group>";
		};
/* End PBXVariantGroup section */

/* Begin XCBuildConfiguration section */
		04DE1B33200A9E3D004E05F4 /* Debug */ = {
			isa = XCBuildConfiguration;
			buildSettings = {
				ALWAYS_SEARCH_USER_PATHS = NO;
				CLANG_ANALYZER_NONNULL = YES;
				CLANG_ANALYZER_NUMBER_OBJECT_CONVERSION = YES_AGGRESSIVE;
				CLANG_CXX_LANGUAGE_STANDARD = "gnu++14";
				CLANG_CXX_LIBRARY = "libc++";
				CLANG_ENABLE_MODULES = YES;
				CLANG_ENABLE_OBJC_ARC = YES;
				CLANG_WARN_BLOCK_CAPTURE_AUTORELEASING = YES;
				CLANG_WARN_BOOL_CONVERSION = YES;
				CLANG_WARN_COMMA = YES;
				CLANG_WARN_CONSTANT_CONVERSION = YES;
				CLANG_WARN_DIRECT_OBJC_ISA_USAGE = YES_ERROR;
				CLANG_WARN_DOCUMENTATION_COMMENTS = YES;
				CLANG_WARN_EMPTY_BODY = YES;
				CLANG_WARN_ENUM_CONVERSION = YES;
				CLANG_WARN_INFINITE_RECURSION = YES;
				CLANG_WARN_INT_CONVERSION = YES;
				CLANG_WARN_NON_LITERAL_NULL_CONVERSION = YES;
				CLANG_WARN_OBJC_LITERAL_CONVERSION = YES;
				CLANG_WARN_OBJC_ROOT_CLASS = YES_ERROR;
				CLANG_WARN_RANGE_LOOP_ANALYSIS = YES;
				CLANG_WARN_STRICT_PROTOTYPES = YES;
				CLANG_WARN_SUSPICIOUS_MOVE = YES;
				CLANG_WARN_UNGUARDED_AVAILABILITY = YES_AGGRESSIVE;
				CLANG_WARN_UNREACHABLE_CODE = YES;
				CLANG_WARN__DUPLICATE_METHOD_MATCH = YES;
				CODE_SIGN_IDENTITY = "iPhone Developer";
				COPY_PHASE_STRIP = NO;
				DEBUG_INFORMATION_FORMAT = dwarf;
				ENABLE_STRICT_OBJC_MSGSEND = YES;
				ENABLE_TESTABILITY = YES;
				GCC_C_LANGUAGE_STANDARD = gnu11;
				GCC_DYNAMIC_NO_PIC = NO;
				GCC_NO_COMMON_BLOCKS = YES;
				GCC_OPTIMIZATION_LEVEL = 0;
				GCC_PREPROCESSOR_DEFINITIONS = (
					"DEBUG=1",
					"$(inherited)",
				);
				GCC_WARN_64_TO_32_BIT_CONVERSION = YES;
				GCC_WARN_ABOUT_RETURN_TYPE = YES_ERROR;
				GCC_WARN_UNDECLARED_SELECTOR = YES;
				GCC_WARN_UNINITIALIZED_AUTOS = YES_AGGRESSIVE;
				GCC_WARN_UNUSED_FUNCTION = YES;
				GCC_WARN_UNUSED_VARIABLE = YES;
				IPHONEOS_DEPLOYMENT_TARGET = 11.2;
				MTL_ENABLE_DEBUG_INFO = YES;
				ONLY_ACTIVE_ARCH = YES;
				SDKROOT = iphoneos;
				SWIFT_ACTIVE_COMPILATION_CONDITIONS = DEBUG;
				SWIFT_OPTIMIZATION_LEVEL = "-Onone";
			};
			name = Debug;
		};
		04DE1B34200A9E3D004E05F4 /* Release */ = {
			isa = XCBuildConfiguration;
			buildSettings = {
				ALWAYS_SEARCH_USER_PATHS = NO;
				CLANG_ANALYZER_NONNULL = YES;
				CLANG_ANALYZER_NUMBER_OBJECT_CONVERSION = YES_AGGRESSIVE;
				CLANG_CXX_LANGUAGE_STANDARD = "gnu++14";
				CLANG_CXX_LIBRARY = "libc++";
				CLANG_ENABLE_MODULES = YES;
				CLANG_ENABLE_OBJC_ARC = YES;
				CLANG_WARN_BLOCK_CAPTURE_AUTORELEASING = YES;
				CLANG_WARN_BOOL_CONVERSION = YES;
				CLANG_WARN_COMMA = YES;
				CLANG_WARN_CONSTANT_CONVERSION = YES;
				CLANG_WARN_DIRECT_OBJC_ISA_USAGE = YES_ERROR;
				CLANG_WARN_DOCUMENTATION_COMMENTS = YES;
				CLANG_WARN_EMPTY_BODY = YES;
				CLANG_WARN_ENUM_CONVERSION = YES;
				CLANG_WARN_INFINITE_RECURSION = YES;
				CLANG_WARN_INT_CONVERSION = YES;
				CLANG_WARN_NON_LITERAL_NULL_CONVERSION = YES;
				CLANG_WARN_OBJC_LITERAL_CONVERSION = YES;
				CLANG_WARN_OBJC_ROOT_CLASS = YES_ERROR;
				CLANG_WARN_RANGE_LOOP_ANALYSIS = YES;
				CLANG_WARN_STRICT_PROTOTYPES = YES;
				CLANG_WARN_SUSPICIOUS_MOVE = YES;
				CLANG_WARN_UNGUARDED_AVAILABILITY = YES_AGGRESSIVE;
				CLANG_WARN_UNREACHABLE_CODE = YES;
				CLANG_WARN__DUPLICATE_METHOD_MATCH = YES;
				CODE_SIGN_IDENTITY = "iPhone Developer";
				COPY_PHASE_STRIP = NO;
				DEBUG_INFORMATION_FORMAT = "dwarf-with-dsym";
				ENABLE_NS_ASSERTIONS = NO;
				ENABLE_STRICT_OBJC_MSGSEND = YES;
				GCC_C_LANGUAGE_STANDARD = gnu11;
				GCC_NO_COMMON_BLOCKS = YES;
				GCC_WARN_64_TO_32_BIT_CONVERSION = YES;
				GCC_WARN_ABOUT_RETURN_TYPE = YES_ERROR;
				GCC_WARN_UNDECLARED_SELECTOR = YES;
				GCC_WARN_UNINITIALIZED_AUTOS = YES_AGGRESSIVE;
				GCC_WARN_UNUSED_FUNCTION = YES;
				GCC_WARN_UNUSED_VARIABLE = YES;
				IPHONEOS_DEPLOYMENT_TARGET = 11.2;
				MTL_ENABLE_DEBUG_INFO = NO;
				SDKROOT = iphoneos;
				SWIFT_OPTIMIZATION_LEVEL = "-Owholemodule";
				VALIDATE_PRODUCT = YES;
			};
			name = Release;
		};
		04DE1B36200A9E3D004E05F4 /* Debug */ = {
			isa = XCBuildConfiguration;
			baseConfigurationReference = D5E481D1DB96055E676D6662 /* Pods-CapitalOneRxSwift.debug.xcconfig */;
			buildSettings = {
				ASSETCATALOG_COMPILER_APPICON_NAME = AppIcon;
				CODE_SIGN_STYLE = Automatic;
				INFOPLIST_FILE = CapitalOneRxSwift/Info.plist;
				LD_RUNPATH_SEARCH_PATHS = "$(inherited) @executable_path/Frameworks";
				PRODUCT_BUNDLE_IDENTIFIER = "-2.CapitalOneRxSwift";
				PRODUCT_NAME = "$(TARGET_NAME)";
				SWIFT_VERSION = 4.0;
				TARGETED_DEVICE_FAMILY = "1,2";
			};
			name = Debug;
		};
		04DE1B37200A9E3D004E05F4 /* Release */ = {
			isa = XCBuildConfiguration;
			baseConfigurationReference = 4CF83793E25C32439E960515 /* Pods-CapitalOneRxSwift.release.xcconfig */;
			buildSettings = {
				ASSETCATALOG_COMPILER_APPICON_NAME = AppIcon;
				CODE_SIGN_STYLE = Automatic;
				INFOPLIST_FILE = CapitalOneRxSwift/Info.plist;
				LD_RUNPATH_SEARCH_PATHS = "$(inherited) @executable_path/Frameworks";
				PRODUCT_BUNDLE_IDENTIFIER = "-2.CapitalOneRxSwift";
				PRODUCT_NAME = "$(TARGET_NAME)";
				SWIFT_VERSION = 4.0;
				TARGETED_DEVICE_FAMILY = "1,2";
			};
			name = Release;
		};
/* End XCBuildConfiguration section */

/* Begin XCConfigurationList section */
		04DE1B1E200A9E3D004E05F4 /* Build configuration list for PBXProject "CapitalOneRxSwift" */ = {
			isa = XCConfigurationList;
			buildConfigurations = (
				04DE1B33200A9E3D004E05F4 /* Debug */,
				04DE1B34200A9E3D004E05F4 /* Release */,
			);
			defaultConfigurationIsVisible = 0;
			defaultConfigurationName = Release;
		};
		04DE1B35200A9E3D004E05F4 /* Build configuration list for PBXNativeTarget "CapitalOneRxSwift" */ = {
			isa = XCConfigurationList;
			buildConfigurations = (
				04DE1B36200A9E3D004E05F4 /* Debug */,
				04DE1B37200A9E3D004E05F4 /* Release */,
			);
			defaultConfigurationIsVisible = 0;
			defaultConfigurationName = Release;
		};
/* End XCConfigurationList section */
	};
	rootObject = 04DE1B1B200A9E3D004E05F4 /* Project object */;
}
